
Microsoft Visual Studio Solution File, Format Version 12.00
# Visual Studio Version 17
VisualStudioVersion = 17.6.33815.320
MinimumVisualStudioVersion = 10.0.40219.1
Project("{8BC9CEB8-8B4A-11D0-8D11-00A0C91BC942}") = "TransportCatalogue", "TransportCatalogue.vcxproj", "{B950C2FF-35B1-4DB5-90B2-F3CD3FF0A0FD}"
EndProject
Global
	GlobalSection(SolutionConfigurationPlatforms) = preSolution
		Debug|x64 = Debug|x64
		Debug|x86 = Debug|x86
		Release|x64 = Release|x64
		Release|x86 = Release|x86
	EndGlobalSection
	GlobalSection(ProjectConfigurationPlatforms) = postSolution
		{B950C2FF-35B1-4DB5-90B2-F3CD3FF0A0FD}.Debug|x64.ActiveCfg = Debug|x64
		{B950C2FF-35B1-4DB5-90B2-F3CD3FF0A0FD}.Debug|x64.Build.0 = Debug|x64
		{B950C2FF-35B1-4DB5-90B2-F3CD3FF0A0FD}.Debug|x86.ActiveCfg = Debug|Win32
		{B950C2FF-35B1-4DB5-90B2-F3CD3FF0A0FD}.Debug|x86.Build.0 = Debug|Win32
		{B950C2FF-35B1-4DB5-90B2-F3CD3FF0A0FD}.Release|x64.ActiveCfg = Release|x64
		{B950C2FF-35B1-4DB5-90B2-F3CD3FF0A0FD}.Release|x64.Build.0 = Release|x64
		{B950C2FF-35B1-4DB5-90B2-F3CD3FF0A0FD}.Release|x86.ActiveCfg = Release|Win32
		{B950C2FF-35B1-4DB5-90B2-F3CD3FF0A0FD}.Release|x86.Build.0 = Release|Win32
	EndGlobalSection
	GlobalSection(SolutionProperties) = preSolution
		HideSolutionNode = FALSE
	EndGlobalSection
	GlobalSection(ExtensibilityGlobals) = postSolution
		SolutionGuid = {E2280A5F-BA93-438A-9AB1-940DB4FCFBF2}
	EndGlobalSection
EndGlobal
